PODS:
  - AmazonIVSPlayer (1.19.0)
  - DyteiOSCore (1.30.0):
    - WebRTC-SDK (= 114.5735.08)
  - WebRTC-SDK (114.5735.08)

DEPENDENCIES:
  - AmazonIVSPlayer (= 1.19.0)
  - DyteiOSCore (= 1.30.0)

SPEC REPOS:
  trunk:
    - AmazonIVSPlayer
    - DyteiOSCore
    - WebRTC-SDK

SPEC CHECKSUMS:
  AmazonIVSPlayer: b9498771b74cd05e93c67dd3844bb4e2c453f2aa
  DyteiOSCore: 18642000c7256c58a08752089d681660cbab529e
  WebRTC-SDK: c24d2a6c9f571f2ed42297cb8ffba9557093142b

PODFILE CHECKSUM: 8f6f7b7f07f0341a95f20aec9c3f31c576a84744

COCOAPODS: 1.13.0
