// !$*UTF8*$!
{
	archiveVersion = 1;
	classes = {
	};
	objectVersion = 56;
	objects = {

/* Begin PBXBuildFile section */
		510E8E2DD839B29828284F30 /* Pods_DyteUiKit.framework in Frameworks */ = {isa = PBXBuildFile; fileRef = 5CACDED72B628B55833D739C /* Pods_DyteUiKit.framework */; };
		AAA995752B5F70F0002C6408 /* KeyboardObserver.swift in Sources */ = {isa = PBXBuildFile; fileRef = AAA995002B5F70F0002C6408 /* KeyboardObserver.swift */; };
		AAA995762B5F70F0002C6408 /* Constants.swift in Sources */ = {isa = PBXBuildFile; fileRef = AAA995012B5F70F0002C6408 /* Constants.swift */; };
		AAA995772B5F70F0002C6408 /* ImageProvider.swift in Sources */ = {isa = PBXBuildFile; fileRef = AAA995022B5F70F0002C6408 /* ImageProvider.swift */; };
		AAA995782B5F70F0002C6408 /* DyteUiKit.swift in Sources */ = {isa = PBXBuildFile; fileRef = AAA995032B5F70F0002C6408 /* DyteUiKit.swift */; };
		AAA995792B5F70F0002C6408 /* UIUtility.swift in Sources */ = {isa = PBXBuildFile; fileRef = AAA995042B5F70F0002C6408 /* UIUtility.swift */; };
		AAA9957A2B5F70F0002C6408 /* BaseAtom.swift in Sources */ = {isa = PBXBuildFile; fileRef = AAA995052B5F70F0002C6408 /* BaseAtom.swift */; };
		AAA9957B2B5F70F0002C6408 /* DyteNotification.swift in Sources */ = {isa = PBXBuildFile; fileRef = AAA995062B5F70F0002C6408 /* DyteNotification.swift */; };
		AAA9957C2B5F70F0002C6408 /* UIView+AutoLayout.swift in Sources */ = {isa = PBXBuildFile; fileRef = AAA995072B5F70F0002C6408 /* UIView+AutoLayout.swift */; };
		AAA9957D2B5F70F0002C6408 /* DyteUiKit.h in Headers */ = {isa = PBXBuildFile; fileRef = AAA995082B5F70F0002C6408 /* DyteUiKit.h */; };
		AAA9957E2B5F70F0002C6408 /* UIViewExtension.swift in Sources */ = {isa = PBXBuildFile; fileRef = AAA995092B5F70F0002C6408 /* UIViewExtension.swift */; };
		AAA9957F2B5F70F0002C6408 /* UIColor+Helper.swift in Sources */ = {isa = PBXBuildFile; fileRef = AAA9950A2B5F70F0002C6408 /* UIColor+Helper.swift */; };
		AAA995802B5F70F1002C6408 /* DyteUiKit.docc in Sources */ = {isa = PBXBuildFile; fileRef = AAA9950C2B5F70F0002C6408 /* DyteUiKit.docc */; };
		AAA995812B5F70F1002C6408 /* DyteTextField.swift in Sources */ = {isa = PBXBuildFile; fileRef = AAA9950F2B5F70F0002C6408 /* DyteTextField.swift */; };
		AAA995822B5F70F1002C6408 /* DyteNameTag.swift in Sources */ = {isa = PBXBuildFile; fileRef = AAA995102B5F70F0002C6408 /* DyteNameTag.swift */; };
		AAA995832B5F70F1002C6408 /* DyteControlBarButton.swift in Sources */ = {isa = PBXBuildFile; fileRef = AAA995112B5F70F0002C6408 /* DyteControlBarButton.swift */; };
		AAA995842B5F70F1002C6408 /* DyteParticipantTileView.swift in Sources */ = {isa = PBXBuildFile; fileRef = AAA995122B5F70F0002C6408 /* DyteParticipantTileView.swift */; };
		AAA995852B5F70F1002C6408 /* DyteGridView.swift in Sources */ = {isa = PBXBuildFile; fileRef = AAA995132B5F70F0002C6408 /* DyteGridView.swift */; };
		AAA995862B5F70F1002C6408 /* DyteMoreMenu.swift in Sources */ = {isa = PBXBuildFile; fileRef = AAA995142B5F70F0002C6408 /* DyteMoreMenu.swift */; };
		AAA995872B5F70F1002C6408 /* ScreenShareTabButton.swift in Sources */ = {isa = PBXBuildFile; fileRef = AAA995152B5F70F0002C6408 /* ScreenShareTabButton.swift */; };
		AAA995882B5F70F1002C6408 /* DytePeerView.swift in Sources */ = {isa = PBXBuildFile; fileRef = AAA995162B5F70F0002C6408 /* DytePeerView.swift */; };
		AAA995892B5F70F1002C6408 /* PluginCell.swift in Sources */ = {isa = PBXBuildFile; fileRef = AAA995182B5F70F0002C6408 /* PluginCell.swift */; };
		AAA9958A2B5F70F1002C6408 /* FileMessageCell.swift in Sources */ = {isa = PBXBuildFile; fileRef = AAA995192B5F70F0002C6408 /* FileMessageCell.swift */; };
		AAA9958B2B5F70F1002C6408 /* MessageCell.swift in Sources */ = {isa = PBXBuildFile; fileRef = AAA9951A2B5F70F0002C6408 /* MessageCell.swift */; };
		AAA9958C2B5F70F1002C6408 /* DytePluginView.swift in Sources */ = {isa = PBXBuildFile; fileRef = AAA9951B2B5F70F0002C6408 /* DytePluginView.swift */; };
		AAA9958D2B5F70F1002C6408 /* DyteButton.swift in Sources */ = {isa = PBXBuildFile; fileRef = AAA9951C2B5F70F0002C6408 /* DyteButton.swift */; };
		AAA9958E2B5F70F1002C6408 /* DyteReusableScrollView.swift in Sources */ = {isa = PBXBuildFile; fileRef = AAA9951D2B5F70F0002C6408 /* DyteReusableScrollView.swift */; };
		AAA9958F2B5F70F1002C6408 /* DyteCustomPickerView.swift in Sources */ = {isa = PBXBuildFile; fileRef = AAA9951E2B5F70F0002C6408 /* DyteCustomPickerView.swift */; };
		AAA995902B5F70F1002C6408 /* DyteText.swift in Sources */ = {isa = PBXBuildFile; fileRef = AAA9951F2B5F70F0002C6408 /* DyteText.swift */; };
		AAA995912B5F70F1002C6408 /* DyteNotificationBadgeView.swift in Sources */ = {isa = PBXBuildFile; fileRef = AAA995202B5F70F0002C6408 /* DyteNotificationBadgeView.swift */; };
		AAA995922B5F70F1002C6408 /* DyteDropDown.swift in Sources */ = {isa = PBXBuildFile; fileRef = AAA995212B5F70F0002C6408 /* DyteDropDown.swift */; };
		AAA995932B5F70F1002C6408 /* DyteVideoPeerViewModel.swift in Sources */ = {isa = PBXBuildFile; fileRef = AAA995222B5F70F0002C6408 /* DyteVideoPeerViewModel.swift */; };
		AAA995942B5F70F1002C6408 /* DyteTopbar.swift in Sources */ = {isa = PBXBuildFile; fileRef = AAA995232B5F70F0002C6408 /* DyteTopbar.swift */; };
		AAA995952B5F70F1002C6408 /* DyteTabbarBar.swift in Sources */ = {isa = PBXBuildFile; fileRef = AAA995242B5F70F0002C6408 /* DyteTabbarBar.swift */; };
		AAA995962B5F70F1002C6408 /* BaseTableViewCell.swift in Sources */ = {isa = PBXBuildFile; fileRef = AAA995262B5F70F0002C6408 /* BaseTableViewCell.swift */; };
		AAA995972B5F70F1002C6408 /* DyteBaseViewController.swift in Sources */ = {isa = PBXBuildFile; fileRef = AAA995272B5F70F0002C6408 /* DyteBaseViewController.swift */; };
		AAA995982B5F70F1002C6408 /* ParticipantTableViewCell.swift in Sources */ = {isa = PBXBuildFile; fileRef = AAA9952A2B5F70F0002C6408 /* ParticipantTableViewCell.swift */; };
		AAA995992B5F70F1002C6408 /* WebinarViewersTableViewCell.swift in Sources */ = {isa = PBXBuildFile; fileRef = AAA9952C2B5F70F0002C6408 /* WebinarViewersTableViewCell.swift */; };
		AAA9959A2B5F70F1002C6408 /* WebinarParticipantViewControllerModel.swift in Sources */ = {isa = PBXBuildFile; fileRef = AAA9952D2B5F70F0002C6408 /* WebinarParticipantViewControllerModel.swift */; };
		AAA9959B2B5F70F1002C6408 /* WebinarParticipantViewController.swift in Sources */ = {isa = PBXBuildFile; fileRef = AAA9952E2B5F70F0002C6408 /* WebinarParticipantViewController.swift */; };
		AAA9959C2B5F70F1002C6408 /* ParticipantViewController.swift in Sources */ = {isa = PBXBuildFile; fileRef = AAA9952F2B5F70F0002C6408 /* ParticipantViewController.swift */; };
		AAA9959D2B5F70F1002C6408 /* ParticipantViewModel.swift in Sources */ = {isa = PBXBuildFile; fileRef = AAA995302B5F70F0002C6408 /* ParticipantViewModel.swift */; };
		AAA9959E2B5F70F1002C6408 /* ParticipantInCallTableViewCell.swift in Sources */ = {isa = PBXBuildFile; fileRef = AAA995312B5F70F0002C6408 /* ParticipantInCallTableViewCell.swift */; };
		AAA9959F2B5F70F1002C6408 /* ParticipantWaitingTableViewCell.swift in Sources */ = {isa = PBXBuildFile; fileRef = AAA995322B5F70F0002C6408 /* ParticipantWaitingTableViewCell.swift */; };
		AAA995A02B5F70F1002C6408 /* WebinarAlert.swift in Sources */ = {isa = PBXBuildFile; fileRef = AAA995342B5F70F0002C6408 /* WebinarAlert.swift */; };
		AAA995A12B5F70F1002C6408 /* SetupViewController.swift in Sources */ = {isa = PBXBuildFile; fileRef = AAA995362B5F70F0002C6408 /* SetupViewController.swift */; };
		AAA995A22B5F70F1002C6408 /* WaitingRoomView.swift in Sources */ = {isa = PBXBuildFile; fileRef = AAA995372B5F70F0002C6408 /* WaitingRoomView.swift */; };
		AAA995A32B5F70F1002C6408 /* SetupViewModel.swift in Sources */ = {isa = PBXBuildFile; fileRef = AAA995382B5F70F0002C6408 /* SetupViewModel.swift */; };
		AAA995A42B5F70F1002C6408 /* ShowPollsViewController.swift in Sources */ = {isa = PBXBuildFile; fileRef = AAA9953A2B5F70F0002C6408 /* ShowPollsViewController.swift */; };
		AAA995A52B5F70F1002C6408 /* CreatePollsViewController.swift in Sources */ = {isa = PBXBuildFile; fileRef = AAA9953B2B5F70F0002C6408 /* CreatePollsViewController.swift */; };
		AAA995A62B5F70F1002C6408 /* ChatViewController.swift in Sources */ = {isa = PBXBuildFile; fileRef = AAA9953D2B5F70F0002C6408 /* ChatViewController.swift */; };
		AAA995A72B5F70F1002C6408 /* DocumentsViewController.swift in Sources */ = {isa = PBXBuildFile; fileRef = AAA9953E2B5F70F0002C6408 /* DocumentsViewController.swift */; };
		AAA995A82B5F70F1002C6408 /* PluginViewController.swift in Sources */ = {isa = PBXBuildFile; fileRef = AAA9953F2B5F70F0002C6408 /* PluginViewController.swift */; };
		AAA995A92B5F70F1002C6408 /* ReusableTableViewCell.swift in Sources */ = {isa = PBXBuildFile; fileRef = AAA995412B5F70F0002C6408 /* ReusableTableViewCell.swift */; };
		AAA995AA2B5F70F1002C6408 /* LivestreamViewController.swift in Sources */ = {isa = PBXBuildFile; fileRef = AAA995432B5F70F0002C6408 /* LivestreamViewController.swift */; };
		AAA995AB2B5F70F1002C6408 /* MeetingViewController.swift in Sources */ = {isa = PBXBuildFile; fileRef = AAA995452B5F70F0002C6408 /* MeetingViewController.swift */; };
		AAA995AC2B5F70F1002C6408 /* WebinarViewController.swift in Sources */ = {isa = PBXBuildFile; fileRef = AAA995462B5F70F0002C6408 /* WebinarViewController.swift */; };
		AAA995AD2B5F70F1002C6408 /* MeetingViewModel.swift in Sources */ = {isa = PBXBuildFile; fileRef = AAA995472B5F70F0002C6408 /* MeetingViewModel.swift */; };
		AAA995AE2B5F70F1002C6408 /* SearchViewController.swift in Sources */ = {isa = PBXBuildFile; fileRef = AAA995492B5F70F0002C6408 /* SearchViewController.swift */; };
		AAA995AF2B5F70F1002C6408 /* SettingViewController.swift in Sources */ = {isa = PBXBuildFile; fileRef = AAA9954B2B5F70F0002C6408 /* SettingViewController.swift */; };
		AAA995B02B5F70F1002C6408 /* BaseProtocols.swift in Sources */ = {isa = PBXBuildFile; fileRef = AAA9954D2B5F70F0002C6408 /* BaseProtocols.swift */; };
		AAA995B12B5F70F1002C6408 /* CleanTableViewConfigurator.swift in Sources */ = {isa = PBXBuildFile; fileRef = AAA9954E2B5F70F0002C6408 /* CleanTableViewConfigurator.swift */; };
		AAA995B22B5F70F1002C6408 /* BorderRadiusToken.swift in Sources */ = {isa = PBXBuildFile; fileRef = AAA995512B5F70F0002C6408 /* BorderRadiusToken.swift */; };
		AAA995B32B5F70F1002C6408 /* BorderWidthToken.swift in Sources */ = {isa = PBXBuildFile; fileRef = AAA995522B5F70F0002C6408 /* BorderWidthToken.swift */; };
		AAA995B42B5F70F1002C6408 /* BrandColorToken.swift in Sources */ = {isa = PBXBuildFile; fileRef = AAA995542B5F70F0002C6408 /* BrandColorToken.swift */; };
		AAA995B52B5F70F1002C6408 /* ColorTokens.swift in Sources */ = {isa = PBXBuildFile; fileRef = AAA995552B5F70F0002C6408 /* ColorTokens.swift */; };
		AAA995B62B5F70F1002C6408 /* BackgroundColorToken.swift in Sources */ = {isa = PBXBuildFile; fileRef = AAA995562B5F70F0002C6408 /* BackgroundColorToken.swift */; };
		AAA995B72B5F70F1002C6408 /* TextColorToken.swift in Sources */ = {isa = PBXBuildFile; fileRef = AAA995572B5F70F0002C6408 /* TextColorToken.swift */; };
		AAA995B82B5F70F1002C6408 /* SpaceToken.swift in Sources */ = {isa = PBXBuildFile; fileRef = AAA995592B5F70F0002C6408 /* SpaceToken.swift */; };
		AAA995B92B5F70F1002C6408 /* FontSize.swift in Sources */ = {isa = PBXBuildFile; fileRef = AAA9955B2B5F70F0002C6408 /* FontSize.swift */; };
		AAA995BA2B5F70F1002C6408 /* DesignLibrary.swift in Sources */ = {isa = PBXBuildFile; fileRef = AAA9955C2B5F70F0002C6408 /* DesignLibrary.swift */; };
		AAA995BB2B5F70F1002C6408 /* DyteEndMeetingControlBarButton.swift in Sources */ = {isa = PBXBuildFile; fileRef = AAA9955E2B5F70F0002C6408 /* DyteEndMeetingControlBarButton.swift */; };
		AAA995BC2B5F70F1002C6408 /* DyteStageActionButtonControlBar.swift in Sources */ = {isa = PBXBuildFile; fileRef = AAA9955F2B5F70F0002C6408 /* DyteStageActionButtonControlBar.swift */; };
		AAA995BD2B5F70F1002C6408 /* DyteMoreMenuBottomSheet.swift in Sources */ = {isa = PBXBuildFile; fileRef = AAA995602B5F70F0002C6408 /* DyteMoreMenuBottomSheet.swift */; };
		AAA995BE2B5F70F1002C6408 /* DyteMeetingTitle.swift in Sources */ = {isa = PBXBuildFile; fileRef = AAA995612B5F70F0002C6408 /* DyteMeetingTitle.swift */; };
		AAA995BF2B5F70F1002C6408 /* DyteVideoButtonControlBar.swift in Sources */ = {isa = PBXBuildFile; fileRef = AAA995622B5F70F0002C6408 /* DyteVideoButtonControlBar.swift */; };
		AAA995C02B5F70F1002C6408 /* DyteRecordingView.swift in Sources */ = {isa = PBXBuildFile; fileRef = AAA995632B5F70F0002C6408 /* DyteRecordingView.swift */; };
		AAA995C12B5F70F1002C6408 /* DyteAvatarView.swift in Sources */ = {isa = PBXBuildFile; fileRef = AAA995642B5F70F0002C6408 /* DyteAvatarView.swift */; };
		AAA995C22B5F70F1002C6408 /* DyteJoinButton.swift in Sources */ = {isa = PBXBuildFile; fileRef = AAA995652B5F70F0002C6408 /* DyteJoinButton.swift */; };
		AAA995C32B5F70F1002C6408 /* DyteSelfEventListner.swift in Sources */ = {isa = PBXBuildFile; fileRef = AAA995662B5F70F0002C6408 /* DyteSelfEventListner.swift */; };
		AAA995C42B5F70F1002C6408 /* DyteMoreButtonControlBar.swift in Sources */ = {isa = PBXBuildFile; fileRef = AAA995672B5F70F0002C6408 /* DyteMoreButtonControlBar.swift */; };
		AAA995C52B5F70F1002C6408 /* DyteSwitchCameraButtonControlBar.swift in Sources */ = {isa = PBXBuildFile; fileRef = AAA995682B5F70F0002C6408 /* DyteSwitchCameraButtonControlBar.swift */; };
		AAA995C62B5F70F1002C6408 /* DyteLeaveDialog.swift in Sources */ = {isa = PBXBuildFile; fileRef = AAA995692B5F70F0002C6408 /* DyteLeaveDialog.swift */; };
		AAA995C72B5F70F1002C6408 /* DyteMeetingHeaderView.swift in Sources */ = {isa = PBXBuildFile; fileRef = AAA9956A2B5F70F0002C6408 /* DyteMeetingHeaderView.swift */; };
		AAA995C82B5F70F1002C6408 /* DyteMeetingEvenListner.swift in Sources */ = {isa = PBXBuildFile; fileRef = AAA9956B2B5F70F0002C6408 /* DyteMeetingEvenListner.swift */; };
		AAA995C92B5F70F1002C6408 /* DyteMeetingControlBar.swift in Sources */ = {isa = PBXBuildFile; fileRef = AAA9956C2B5F70F0002C6408 /* DyteMeetingControlBar.swift */; };
		AAA995CA2B5F70F1002C6408 /* DyteAudioButtonControlBar.swift in Sources */ = {isa = PBXBuildFile; fileRef = AAA9956D2B5F70F0002C6408 /* DyteAudioButtonControlBar.swift */; };
		AAA995CB2B5F70F1002C6408 /* DyteParticipantCountView.swift in Sources */ = {isa = PBXBuildFile; fileRef = AAA9956E2B5F70F0002C6408 /* DyteParticipantCountView.swift */; };
		AAA995CC2B5F70F1002C6408 /* DyteClockView.swift in Sources */ = {isa = PBXBuildFile; fileRef = AAA9956F2B5F70F0002C6408 /* DyteClockView.swift */; };
		AAA995CD2B5F70F1002C6408 /* DyteMeetingNameTag.swift in Sources */ = {isa = PBXBuildFile; fileRef = AAA995702B5F70F0002C6408 /* DyteMeetingNameTag.swift */; };
		AAA995CE2B5F70F1002C6408 /* DyteImage.swift in Sources */ = {isa = PBXBuildFile; fileRef = AAA995712B5F70F0002C6408 /* DyteImage.swift */; };
		AAA995CF2B5F70F1002C6408 /* DyteParticipantEventListner.swift in Sources */ = {isa = PBXBuildFile; fileRef = AAA995722B5F70F0002C6408 /* DyteParticipantEventListner.swift */; };
		AAA995D02B5F70F1002C6408 /* DyteWebinarControlBar.swift in Sources */ = {isa = PBXBuildFile; fileRef = AAA995732B5F70F0002C6408 /* DyteWebinarControlBar.swift */; };
		AAA995D12B5F70F1002C6408 /* DyteVideoView.swift in Sources */ = {isa = PBXBuildFile; fileRef = AAA995742B5F70F0002C6408 /* DyteVideoView.swift */; };
		BD5698812B35D60E004F475F /* Assests.xcassets in Resources */ = {isa = PBXBuildFile; fileRef = BD56987E2B35D60E004F475F /* Assests.xcassets */; };
		BD5698822B35D60E004F475F /* notification_message.mp3 in Resources */ = {isa = PBXBuildFile; fileRef = BD56987F2B35D60E004F475F /* notification_message.mp3 */; };
		BD5698832B35D60E004F475F /* notification_join.mp3 in Resources */ = {isa = PBXBuildFile; fileRef = BD5698802B35D60E004F475F /* notification_join.mp3 */; };
/* End PBXBuildFile section */

/* Begin PBXFileReference section */
		5CACDED72B628B55833D739C /* Pods_DyteUiKit.framework */ = {isa = PBXFileReference; explicitFileType = wrapper.framework; includeInIndex = 0; path = Pods_DyteUiKit.framework; sourceTree = BUILT_PRODUCTS_DIR; };
		60BB4F237204BE8F81F49900 /* Pods-DyteUiKit.debug.xcconfig */ = {isa = PBXFileReference; includeInIndex = 1; lastKnownFileType = text.xcconfig; name = "Pods-DyteUiKit.debug.xcconfig"; path = "Target Support Files/Pods-DyteUiKit/Pods-DyteUiKit.debug.xcconfig"; sourceTree = "<group>"; };
		8A6536FB11C428DBBFD3B82D /* Pods-DyteUiKit.release.xcconfig */ = {isa = PBXFileReference; includeInIndex = 1; lastKnownFileType = text.xcconfig; name = "Pods-DyteUiKit.release.xcconfig"; path = "Target Support Files/Pods-DyteUiKit/Pods-DyteUiKit.release.xcconfig"; sourceTree = "<group>"; };
		AA04EA9F2B35A6EB00EEA91F /* AmazonIVSPlayer.xcframework */ = {isa = PBXFileReference; lastKnownFileType = wrapper.xcframework; name = AmazonIVSPlayer.xcframework; path = Pods/AmazonIVSPlayer/AmazonIVSPlayer.xcframework; sourceTree = "<group>"; };
		AA04EAA32B35A6F900EEA91F /* DyteiOSCore.xcframework */ = {isa = PBXFileReference; lastKnownFileType = wrapper.xcframework; name = DyteiOSCore.xcframework; path = Pods/DyteiOSCore/DyteiOSCore.xcframework; sourceTree = "<group>"; };
		AAA995002B5F70F0002C6408 /* KeyboardObserver.swift */ = {isa = PBXFileReference; fileEncoding = 4; lastKnownFileType = sourcecode.swift; path = KeyboardObserver.swift; sourceTree = "<group>"; };
		AAA995012B5F70F0002C6408 /* Constants.swift */ = {isa = PBXFileReference; fileEncoding = 4; lastKnownFileType = sourcecode.swift; path = Constants.swift; sourceTree = "<group>"; };
		AAA995022B5F70F0002C6408 /* ImageProvider.swift */ = {isa = PBXFileReference; fileEncoding = 4; lastKnownFileType = sourcecode.swift; path = ImageProvider.swift; sourceTree = "<group>"; };
		AAA995032B5F70F0002C6408 /* DyteUiKit.swift */ = {isa = PBXFileReference; fileEncoding = 4; lastKnownFileType = sourcecode.swift; path = DyteUiKit.swift; sourceTree = "<group>"; };
		AAA995042B5F70F0002C6408 /* UIUtility.swift */ = {isa = PBXFileReference; fileEncoding = 4; lastKnownFileType = sourcecode.swift; path = UIUtility.swift; sourceTree = "<group>"; };
		AAA995052B5F70F0002C6408 /* BaseAtom.swift */ = {isa = PBXFileReference; fileEncoding = 4; lastKnownFileType = sourcecode.swift; path = BaseAtom.swift; sourceTree = "<group>"; };
		AAA995062B5F70F0002C6408 /* DyteNotification.swift */ = {isa = PBXFileReference; fileEncoding = 4; lastKnownFileType = sourcecode.swift; path = DyteNotification.swift; sourceTree = "<group>"; };
		AAA995072B5F70F0002C6408 /* UIView+AutoLayout.swift */ = {isa = PBXFileReference; fileEncoding = 4; lastKnownFileType = sourcecode.swift; path = "UIView+AutoLayout.swift"; sourceTree = "<group>"; };
		AAA995082B5F70F0002C6408 /* DyteUiKit.h */ = {isa = PBXFileReference; fileEncoding = 4; lastKnownFileType = sourcecode.c.h; path = DyteUiKit.h; sourceTree = "<group>"; };
		AAA995092B5F70F0002C6408 /* UIViewExtension.swift */ = {isa = PBXFileReference; fileEncoding = 4; lastKnownFileType = sourcecode.swift; path = UIViewExtension.swift; sourceTree = "<group>"; };
		AAA9950A2B5F70F0002C6408 /* UIColor+Helper.swift */ = {isa = PBXFileReference; fileEncoding = 4; lastKnownFileType = sourcecode.swift; path = "UIColor+Helper.swift"; sourceTree = "<group>"; };
		AAA9950C2B5F70F0002C6408 /* DyteUiKit.docc */ = {isa = PBXFileReference; lastKnownFileType = folder.documentationcatalog; path = DyteUiKit.docc; sourceTree = "<group>"; };
		AAA9950F2B5F70F0002C6408 /* DyteTextField.swift */ = {isa = PBXFileReference; fileEncoding = 4; lastKnownFileType = sourcecode.swift; path = DyteTextField.swift; sourceTree = "<group>"; };
		AAA995102B5F70F0002C6408 /* DyteNameTag.swift */ = {isa = PBXFileReference; fileEncoding = 4; lastKnownFileType = sourcecode.swift; path = DyteNameTag.swift; sourceTree = "<group>"; };
		AAA995112B5F70F0002C6408 /* DyteControlBarButton.swift */ = {isa = PBXFileReference; fileEncoding = 4; lastKnownFileType = sourcecode.swift; path = DyteControlBarButton.swift; sourceTree = "<group>"; };
		AAA995122B5F70F0002C6408 /* DyteParticipantTileView.swift */ = {isa = PBXFileReference; fileEncoding = 4; lastKnownFileType = sourcecode.swift; path = DyteParticipantTileView.swift; sourceTree = "<group>"; };
		AAA995132B5F70F0002C6408 /* DyteGridView.swift */ = {isa = PBXFileReference; fileEncoding = 4; lastKnownFileType = sourcecode.swift; path = DyteGridView.swift; sourceTree = "<group>"; };
		AAA995142B5F70F0002C6408 /* DyteMoreMenu.swift */ = {isa = PBXFileReference; fileEncoding = 4; lastKnownFileType = sourcecode.swift; path = DyteMoreMenu.swift; sourceTree = "<group>"; };
		AAA995152B5F70F0002C6408 /* ScreenShareTabButton.swift */ = {isa = PBXFileReference; fileEncoding = 4; lastKnownFileType = sourcecode.swift; path = ScreenShareTabButton.swift; sourceTree = "<group>"; };
		AAA995162B5F70F0002C6408 /* DytePeerView.swift */ = {isa = PBXFileReference; fileEncoding = 4; lastKnownFileType = sourcecode.swift; path = DytePeerView.swift; sourceTree = "<group>"; };
		AAA995182B5F70F0002C6408 /* PluginCell.swift */ = {isa = PBXFileReference; fileEncoding = 4; lastKnownFileType = sourcecode.swift; path = PluginCell.swift; sourceTree = "<group>"; };
		AAA995192B5F70F0002C6408 /* FileMessageCell.swift */ = {isa = PBXFileReference; fileEncoding = 4; lastKnownFileType = sourcecode.swift; path = FileMessageCell.swift; sourceTree = "<group>"; };
		AAA9951A2B5F70F0002C6408 /* MessageCell.swift */ = {isa = PBXFileReference; fileEncoding = 4; lastKnownFileType = sourcecode.swift; path = MessageCell.swift; sourceTree = "<group>"; };
		AAA9951B2B5F70F0002C6408 /* DytePluginView.swift */ = {isa = PBXFileReference; fileEncoding = 4; lastKnownFileType = sourcecode.swift; path = DytePluginView.swift; sourceTree = "<group>"; };
		AAA9951C2B5F70F0002C6408 /* DyteButton.swift */ = {isa = PBXFileReference; fileEncoding = 4; lastKnownFileType = sourcecode.swift; path = DyteButton.swift; sourceTree = "<group>"; };
		AAA9951D2B5F70F0002C6408 /* DyteReusableScrollView.swift */ = {isa = PBXFileReference; fileEncoding = 4; lastKnownFileType = sourcecode.swift; path = DyteReusableScrollView.swift; sourceTree = "<group>"; };
		AAA9951E2B5F70F0002C6408 /* DyteCustomPickerView.swift */ = {isa = PBXFileReference; fileEncoding = 4; lastKnownFileType = sourcecode.swift; path = DyteCustomPickerView.swift; sourceTree = "<group>"; };
		AAA9951F2B5F70F0002C6408 /* DyteText.swift */ = {isa = PBXFileReference; fileEncoding = 4; lastKnownFileType = sourcecode.swift; path = DyteText.swift; sourceTree = "<group>"; };
		AAA995202B5F70F0002C6408 /* DyteNotificationBadgeView.swift */ = {isa = PBXFileReference; fileEncoding = 4; lastKnownFileType = sourcecode.swift; path = DyteNotificationBadgeView.swift; sourceTree = "<group>"; };
		AAA995212B5F70F0002C6408 /* DyteDropDown.swift */ = {isa = PBXFileReference; fileEncoding = 4; lastKnownFileType = sourcecode.swift; path = DyteDropDown.swift; sourceTree = "<group>"; };
		AAA995222B5F70F0002C6408 /* DyteVideoPeerViewModel.swift */ = {isa = PBXFileReference; fileEncoding = 4; lastKnownFileType = sourcecode.swift; path = DyteVideoPeerViewModel.swift; sourceTree = "<group>"; };
		AAA995232B5F70F0002C6408 /* DyteTopbar.swift */ = {isa = PBXFileReference; fileEncoding = 4; lastKnownFileType = sourcecode.swift; path = DyteTopbar.swift; sourceTree = "<group>"; };
		AAA995242B5F70F0002C6408 /* DyteTabbarBar.swift */ = {isa = PBXFileReference; fileEncoding = 4; lastKnownFileType = sourcecode.swift; path = DyteTabbarBar.swift; sourceTree = "<group>"; };
		AAA995262B5F70F0002C6408 /* BaseTableViewCell.swift */ = {isa = PBXFileReference; fileEncoding = 4; lastKnownFileType = sourcecode.swift; path = BaseTableViewCell.swift; sourceTree = "<group>"; };
		AAA995272B5F70F0002C6408 /* DyteBaseViewController.swift */ = {isa = PBXFileReference; fileEncoding = 4; lastKnownFileType = sourcecode.swift; path = DyteBaseViewController.swift; sourceTree = "<group>"; };
		AAA9952A2B5F70F0002C6408 /* ParticipantTableViewCell.swift */ = {isa = PBXFileReference; fileEncoding = 4; lastKnownFileType = sourcecode.swift; path = ParticipantTableViewCell.swift; sourceTree = "<group>"; };
		AAA9952C2B5F70F0002C6408 /* WebinarViewersTableViewCell.swift */ = {isa = PBXFileReference; fileEncoding = 4; lastKnownFileType = sourcecode.swift; path = WebinarViewersTableViewCell.swift; sourceTree = "<group>"; };
		AAA9952D2B5F70F0002C6408 /* WebinarParticipantViewControllerModel.swift */ = {isa = PBXFileReference; fileEncoding = 4; lastKnownFileType = sourcecode.swift; path = WebinarParticipantViewControllerModel.swift; sourceTree = "<group>"; };
		AAA9952E2B5F70F0002C6408 /* WebinarParticipantViewController.swift */ = {isa = PBXFileReference; fileEncoding = 4; lastKnownFileType = sourcecode.swift; path = WebinarParticipantViewController.swift; sourceTree = "<group>"; };
		AAA9952F2B5F70F0002C6408 /* ParticipantViewController.swift */ = {isa = PBXFileReference; fileEncoding = 4; lastKnownFileType = sourcecode.swift; path = ParticipantViewController.swift; sourceTree = "<group>"; };
		AAA995302B5F70F0002C6408 /* ParticipantViewModel.swift */ = {isa = PBXFileReference; fileEncoding = 4; lastKnownFileType = sourcecode.swift; path = ParticipantViewModel.swift; sourceTree = "<group>"; };
		AAA995312B5F70F0002C6408 /* ParticipantInCallTableViewCell.swift */ = {isa = PBXFileReference; fileEncoding = 4; lastKnownFileType = sourcecode.swift; path = ParticipantInCallTableViewCell.swift; sourceTree = "<group>"; };
		AAA995322B5F70F0002C6408 /* ParticipantWaitingTableViewCell.swift */ = {isa = PBXFileReference; fileEncoding = 4; lastKnownFileType = sourcecode.swift; path = ParticipantWaitingTableViewCell.swift; sourceTree = "<group>"; };
		AAA995342B5F70F0002C6408 /* WebinarAlert.swift */ = {isa = PBXFileReference; fileEncoding = 4; lastKnownFileType = sourcecode.swift; path = WebinarAlert.swift; sourceTree = "<group>"; };
		AAA995362B5F70F0002C6408 /* SetupViewController.swift */ = {isa = PBXFileReference; fileEncoding = 4; lastKnownFileType = sourcecode.swift; path = SetupViewController.swift; sourceTree = "<group>"; };
		AAA995372B5F70F0002C6408 /* WaitingRoomView.swift */ = {isa = PBXFileReference; fileEncoding = 4; lastKnownFileType = sourcecode.swift; path = WaitingRoomView.swift; sourceTree = "<group>"; };
		AAA995382B5F70F0002C6408 /* SetupViewModel.swift */ = {isa = PBXFileReference; fileEncoding = 4; lastKnownFileType = sourcecode.swift; path = SetupViewModel.swift; sourceTree = "<group>"; };
		AAA9953A2B5F70F0002C6408 /* ShowPollsViewController.swift */ = {isa = PBXFileReference; fileEncoding = 4; lastKnownFileType = sourcecode.swift; path = ShowPollsViewController.swift; sourceTree = "<group>"; };
		AAA9953B2B5F70F0002C6408 /* CreatePollsViewController.swift */ = {isa = PBXFileReference; fileEncoding = 4; lastKnownFileType = sourcecode.swift; path = CreatePollsViewController.swift; sourceTree = "<group>"; };
		AAA9953D2B5F70F0002C6408 /* ChatViewController.swift */ = {isa = PBXFileReference; fileEncoding = 4; lastKnownFileType = sourcecode.swift; path = ChatViewController.swift; sourceTree = "<group>"; };
		AAA9953E2B5F70F0002C6408 /* DocumentsViewController.swift */ = {isa = PBXFileReference; fileEncoding = 4; lastKnownFileType = sourcecode.swift; path = DocumentsViewController.swift; sourceTree = "<group>"; };
		AAA9953F2B5F70F0002C6408 /* PluginViewController.swift */ = {isa = PBXFileReference; fileEncoding = 4; lastKnownFileType = sourcecode.swift; path = PluginViewController.swift; sourceTree = "<group>"; };
		AAA995412B5F70F0002C6408 /* ReusableTableViewCell.swift */ = {isa = PBXFileReference; fileEncoding = 4; lastKnownFileType = sourcecode.swift; path = ReusableTableViewCell.swift; sourceTree = "<group>"; };
		AAA995432B5F70F0002C6408 /* LivestreamViewController.swift */ = {isa = PBXFileReference; fileEncoding = 4; lastKnownFileType = sourcecode.swift; path = LivestreamViewController.swift; sourceTree = "<group>"; };
		AAA995452B5F70F0002C6408 /* MeetingViewController.swift */ = {isa = PBXFileReference; fileEncoding = 4; lastKnownFileType = sourcecode.swift; path = MeetingViewController.swift; sourceTree = "<group>"; };
		AAA995462B5F70F0002C6408 /* WebinarViewController.swift */ = {isa = PBXFileReference; fileEncoding = 4; lastKnownFileType = sourcecode.swift; path = WebinarViewController.swift; sourceTree = "<group>"; };
		AAA995472B5F70F0002C6408 /* MeetingViewModel.swift */ = {isa = PBXFileReference; fileEncoding = 4; lastKnownFileType = sourcecode.swift; path = MeetingViewModel.swift; sourceTree = "<group>"; };
		AAA995492B5F70F0002C6408 /* SearchViewController.swift */ = {isa = PBXFileReference; fileEncoding = 4; lastKnownFileType = sourcecode.swift; path = SearchViewController.swift; sourceTree = "<group>"; };
		AAA9954B2B5F70F0002C6408 /* SettingViewController.swift */ = {isa = PBXFileReference; fileEncoding = 4; lastKnownFileType = sourcecode.swift; path = SettingViewController.swift; sourceTree = "<group>"; };
		AAA9954D2B5F70F0002C6408 /* BaseProtocols.swift */ = {isa = PBXFileReference; fileEncoding = 4; lastKnownFileType = sourcecode.swift; path = BaseProtocols.swift; sourceTree = "<group>"; };
		AAA9954E2B5F70F0002C6408 /* CleanTableViewConfigurator.swift */ = {isa = PBXFileReference; fileEncoding = 4; lastKnownFileType = sourcecode.swift; path = CleanTableViewConfigurator.swift; sourceTree = "<group>"; };
		AAA995512B5F70F0002C6408 /* BorderRadiusToken.swift */ = {isa = PBXFileReference; fileEncoding = 4; lastKnownFileType = sourcecode.swift; path = BorderRadiusToken.swift; sourceTree = "<group>"; };
		AAA995522B5F70F0002C6408 /* BorderWidthToken.swift */ = {isa = PBXFileReference; fileEncoding = 4; lastKnownFileType = sourcecode.swift; path = BorderWidthToken.swift; sourceTree = "<group>"; };
		AAA995542B5F70F0002C6408 /* BrandColorToken.swift */ = {isa = PBXFileReference; fileEncoding = 4; lastKnownFileType = sourcecode.swift; path = BrandColorToken.swift; sourceTree = "<group>"; };
		AAA995552B5F70F0002C6408 /* ColorTokens.swift */ = {isa = PBXFileReference; fileEncoding = 4; lastKnownFileType = sourcecode.swift; path = ColorTokens.swift; sourceTree = "<group>"; };
		AAA995562B5F70F0002C6408 /* BackgroundColorToken.swift */ = {isa = PBXFileReference; fileEncoding = 4; lastKnownFileType = sourcecode.swift; path = BackgroundColorToken.swift; sourceTree = "<group>"; };
		AAA995572B5F70F0002C6408 /* TextColorToken.swift */ = {isa = PBXFileReference; fileEncoding = 4; lastKnownFileType = sourcecode.swift; path = TextColorToken.swift; sourceTree = "<group>"; };
		AAA995592B5F70F0002C6408 /* SpaceToken.swift */ = {isa = PBXFileReference; fileEncoding = 4; lastKnownFileType = sourcecode.swift; path = SpaceToken.swift; sourceTree = "<group>"; };
		AAA9955B2B5F70F0002C6408 /* FontSize.swift */ = {isa = PBXFileReference; fileEncoding = 4; lastKnownFileType = sourcecode.swift; path = FontSize.swift; sourceTree = "<group>"; };
		AAA9955C2B5F70F0002C6408 /* DesignLibrary.swift */ = {isa = PBXFileReference; fileEncoding = 4; lastKnownFileType = sourcecode.swift; path = DesignLibrary.swift; sourceTree = "<group>"; };
		AAA9955E2B5F70F0002C6408 /* DyteEndMeetingControlBarButton.swift */ = {isa = PBXFileReference; fileEncoding = 4; lastKnownFileType = sourcecode.swift; path = DyteEndMeetingControlBarButton.swift; sourceTree = "<group>"; };
		AAA9955F2B5F70F0002C6408 /* DyteStageActionButtonControlBar.swift */ = {isa = PBXFileReference; fileEncoding = 4; lastKnownFileType = sourcecode.swift; path = DyteStageActionButtonControlBar.swift; sourceTree = "<group>"; };
		AAA995602B5F70F0002C6408 /* DyteMoreMenuBottomSheet.swift */ = {isa = PBXFileReference; fileEncoding = 4; lastKnownFileType = sourcecode.swift; path = DyteMoreMenuBottomSheet.swift; sourceTree = "<group>"; };
		AAA995612B5F70F0002C6408 /* DyteMeetingTitle.swift */ = {isa = PBXFileReference; fileEncoding = 4; lastKnownFileType = sourcecode.swift; path = DyteMeetingTitle.swift; sourceTree = "<group>"; };
		AAA995622B5F70F0002C6408 /* DyteVideoButtonControlBar.swift */ = {isa = PBXFileReference; fileEncoding = 4; lastKnownFileType = sourcecode.swift; path = DyteVideoButtonControlBar.swift; sourceTree = "<group>"; };
		AAA995632B5F70F0002C6408 /* DyteRecordingView.swift */ = {isa = PBXFileReference; fileEncoding = 4; lastKnownFileType = sourcecode.swift; path = DyteRecordingView.swift; sourceTree = "<group>"; };
		AAA995642B5F70F0002C6408 /* DyteAvatarView.swift */ = {isa = PBXFileReference; fileEncoding = 4; lastKnownFileType = sourcecode.swift; path = DyteAvatarView.swift; sourceTree = "<group>"; };
		AAA995652B5F70F0002C6408 /* DyteJoinButton.swift */ = {isa = PBXFileReference; fileEncoding = 4; lastKnownFileType = sourcecode.swift; path = DyteJoinButton.swift; sourceTree = "<group>"; };
		AAA995662B5F70F0002C6408 /* DyteSelfEventListner.swift */ = {isa = PBXFileReference; fileEncoding = 4; lastKnownFileType = sourcecode.swift; path = DyteSelfEventListner.swift; sourceTree = "<group>"; };
		AAA995672B5F70F0002C6408 /* DyteMoreButtonControlBar.swift */ = {isa = PBXFileReference; fileEncoding = 4; lastKnownFileType = sourcecode.swift; path = DyteMoreButtonControlBar.swift; sourceTree = "<group>"; };
		AAA995682B5F70F0002C6408 /* DyteSwitchCameraButtonControlBar.swift */ = {isa = PBXFileReference; fileEncoding = 4; lastKnownFileType = sourcecode.swift; path = DyteSwitchCameraButtonControlBar.swift; sourceTree = "<group>"; };
		AAA995692B5F70F0002C6408 /* DyteLeaveDialog.swift */ = {isa = PBXFileReference; fileEncoding = 4; lastKnownFileType = sourcecode.swift; path = DyteLeaveDialog.swift; sourceTree = "<group>"; };
		AAA9956A2B5F70F0002C6408 /* DyteMeetingHeaderView.swift */ = {isa = PBXFileReference; fileEncoding = 4; lastKnownFileType = sourcecode.swift; path = DyteMeetingHeaderView.swift; sourceTree = "<group>"; };
		AAA9956B2B5F70F0002C6408 /* DyteMeetingEvenListner.swift */ = {isa = PBXFileReference; fileEncoding = 4; lastKnownFileType = sourcecode.swift; path = DyteMeetingEvenListner.swift; sourceTree = "<group>"; };
		AAA9956C2B5F70F0002C6408 /* DyteMeetingControlBar.swift */ = {isa = PBXFileReference; fileEncoding = 4; lastKnownFileType = sourcecode.swift; path = DyteMeetingControlBar.swift; sourceTree = "<group>"; };
		AAA9956D2B5F70F0002C6408 /* DyteAudioButtonControlBar.swift */ = {isa = PBXFileReference; fileEncoding = 4; lastKnownFileType = sourcecode.swift; path = DyteAudioButtonControlBar.swift; sourceTree = "<group>"; };
		AAA9956E2B5F70F0002C6408 /* DyteParticipantCountView.swift */ = {isa = PBXFileReference; fileEncoding = 4; lastKnownFileType = sourcecode.swift; path = DyteParticipantCountView.swift; sourceTree = "<group>"; };
		AAA9956F2B5F70F0002C6408 /* DyteClockView.swift */ = {isa = PBXFileReference; fileEncoding = 4; lastKnownFileType = sourcecode.swift; path = DyteClockView.swift; sourceTree = "<group>"; };
		AAA995702B5F70F0002C6408 /* DyteMeetingNameTag.swift */ = {isa = PBXFileReference; fileEncoding = 4; lastKnownFileType = sourcecode.swift; path = DyteMeetingNameTag.swift; sourceTree = "<group>"; };
		AAA995712B5F70F0002C6408 /* DyteImage.swift */ = {isa = PBXFileReference; fileEncoding = 4; lastKnownFileType = sourcecode.swift; path = DyteImage.swift; sourceTree = "<group>"; };
		AAA995722B5F70F0002C6408 /* DyteParticipantEventListner.swift */ = {isa = PBXFileReference; fileEncoding = 4; lastKnownFileType = sourcecode.swift; path = DyteParticipantEventListner.swift; sourceTree = "<group>"; };
		AAA995732B5F70F0002C6408 /* DyteWebinarControlBar.swift */ = {isa = PBXFileReference; fileEncoding = 4; lastKnownFileType = sourcecode.swift; path = DyteWebinarControlBar.swift; sourceTree = "<group>"; };
		AAA995742B5F70F0002C6408 /* DyteVideoView.swift */ = {isa = PBXFileReference; fileEncoding = 4; lastKnownFileType = sourcecode.swift; path = DyteVideoView.swift; sourceTree = "<group>"; };
		AAF1D4E82B35A5AA006C18DA /* DyteUiKit.framework */ = {isa = PBXFileReference; explicitFileType = wrapper.framework; includeInIndex = 0; path = DyteUiKit.framework; sourceTree = BUILT_PRODUCTS_DIR; };
		BD56987E2B35D60E004F475F /* Assests.xcassets */ = {isa = PBXFileReference; lastKnownFileType = folder.assetcatalog; path = Assests.xcassets; sourceTree = "<group>"; };
		BD56987F2B35D60E004F475F /* notification_message.mp3 */ = {isa = PBXFileReference; lastKnownFileType = audio.mp3; path = notification_message.mp3; sourceTree = "<group>"; };
		BD5698802B35D60E004F475F /* notification_join.mp3 */ = {isa = PBXFileReference; lastKnownFileType = audio.mp3; path = notification_join.mp3; sourceTree = "<group>"; };
/* End PBXFileReference section */

/* Begin PBXFrameworksBuildPhase section */
		AAF1D4E52B35A5AA006C18DA /* Frameworks */ = {
			isa = PBXFrameworksBuildPhase;
			buildActionMask = 2147483647;
			files = (
				510E8E2DD839B29828284F30 /* Pods_DyteUiKit.framework in Frameworks */,
			);
			runOnlyForDeploymentPostprocessing = 0;
		};
/* End PBXFrameworksBuildPhase section */

/* Begin PBXGroup section */
		5634494864944B71E3AC9690 /* Pods */ = {
			isa = PBXGroup;
			children = (
				60BB4F237204BE8F81F49900 /* Pods-DyteUiKit.debug.xcconfig */,
				8A6536FB11C428DBBFD3B82D /* Pods-DyteUiKit.release.xcconfig */,
			);
			path = Pods;
			sourceTree = "<group>";
		};
		AAA994FF2B5F70F0002C6408 /* DyteUiKit */ = {
			isa = PBXGroup;
			children = (
				AAA995002B5F70F0002C6408 /* KeyboardObserver.swift */,
				AAA995012B5F70F0002C6408 /* Constants.swift */,
				AAA995022B5F70F0002C6408 /* ImageProvider.swift */,
				AAA995032B5F70F0002C6408 /* DyteUiKit.swift */,
				AAA995042B5F70F0002C6408 /* UIUtility.swift */,
				AAA995052B5F70F0002C6408 /* BaseAtom.swift */,
				AAA995062B5F70F0002C6408 /* DyteNotification.swift */,
				AAA995072B5F70F0002C6408 /* UIView+AutoLayout.swift */,
				AAA995082B5F70F0002C6408 /* DyteUiKit.h */,
				AAA995092B5F70F0002C6408 /* UIViewExtension.swift */,
				AAA9950A2B5F70F0002C6408 /* UIColor+Helper.swift */,
				AAA9950B2B5F70F0002C6408 /* Screens */,
				AAA9950C2B5F70F0002C6408 /* DyteUiKit.docc */,
				AAA9950D2B5F70F0002C6408 /* DyteUiKit */,
			);
			path = DyteUiKit;
			sourceTree = "<group>";
		};
		AAA9950B2B5F70F0002C6408 /* Screens */ = {
			isa = PBXGroup;
			children = (
			);
			path = Screens;
			sourceTree = "<group>";
		};
		AAA9950D2B5F70F0002C6408 /* DyteUiKit */ = {
			isa = PBXGroup;
			children = (
				AAA9950E2B5F70F0002C6408 /* Atoms */,
				AAA995252B5F70F0002C6408 /* BaseClasses */,
				AAA995282B5F70F0002C6408 /* Screens */,
				AAA9954C2B5F70F0002C6408 /* BaseProtocol */,
				AAA9954F2B5F70F0002C6408 /* Tokens */,
				AAA9955D2B5F70F0002C6408 /* StandAloneComponent */,
			);
			path = DyteUiKit;
			sourceTree = "<group>";
		};
		AAA9950E2B5F70F0002C6408 /* Atoms */ = {
			isa = PBXGroup;
			children = (
				AAA9950F2B5F70F0002C6408 /* DyteTextField.swift */,
				AAA995102B5F70F0002C6408 /* DyteNameTag.swift */,
				AAA995112B5F70F0002C6408 /* DyteControlBarButton.swift */,
				AAA995122B5F70F0002C6408 /* DyteParticipantTileView.swift */,
				AAA995132B5F70F0002C6408 /* DyteGridView.swift */,
				AAA995142B5F70F0002C6408 /* DyteMoreMenu.swift */,
				AAA995152B5F70F0002C6408 /* ScreenShareTabButton.swift */,
				AAA995162B5F70F0002C6408 /* DytePeerView.swift */,
				AAA995172B5F70F0002C6408 /* Prebuilt */,
				AAA9951B2B5F70F0002C6408 /* DytePluginView.swift */,
				AAA9951C2B5F70F0002C6408 /* DyteButton.swift */,
				AAA9951D2B5F70F0002C6408 /* DyteReusableScrollView.swift */,
				AAA9951E2B5F70F0002C6408 /* DyteCustomPickerView.swift */,
				AAA9951F2B5F70F0002C6408 /* DyteText.swift */,
				AAA995202B5F70F0002C6408 /* DyteNotificationBadgeView.swift */,
				AAA995212B5F70F0002C6408 /* DyteDropDown.swift */,
				AAA995222B5F70F0002C6408 /* DyteVideoPeerViewModel.swift */,
				AAA995232B5F70F0002C6408 /* DyteTopbar.swift */,
				AAA995242B5F70F0002C6408 /* DyteTabbarBar.swift */,
			);
			path = Atoms;
			sourceTree = "<group>";
		};
		AAA995172B5F70F0002C6408 /* Prebuilt */ = {
			isa = PBXGroup;
			children = (
				AAA995182B5F70F0002C6408 /* PluginCell.swift */,
				AAA995192B5F70F0002C6408 /* FileMessageCell.swift */,
				AAA9951A2B5F70F0002C6408 /* MessageCell.swift */,
			);
			path = Prebuilt;
			sourceTree = "<group>";
		};
		AAA995252B5F70F0002C6408 /* BaseClasses */ = {
			isa = PBXGroup;
			children = (
				AAA995262B5F70F0002C6408 /* BaseTableViewCell.swift */,
				AAA995272B5F70F0002C6408 /* DyteBaseViewController.swift */,
			);
			path = BaseClasses;
			sourceTree = "<group>";
		};
		AAA995282B5F70F0002C6408 /* Screens */ = {
			isa = PBXGroup;
			children = (
				AAA995292B5F70F0002C6408 /* Participants */,
				AAA995332B5F70F0002C6408 /* Webinar */,
				AAA995352B5F70F0002C6408 /* Setup */,
				AAA995392B5F70F0002C6408 /* Polls */,
				AAA9953C2B5F70F0002C6408 /* Prebuilt */,
				AAA995402B5F70F0002C6408 /* Miscellaneous */,
				AAA995422B5F70F0002C6408 /* LiveStream */,
				AAA995442B5F70F0002C6408 /* Meeting */,
				AAA995482B5F70F0002C6408 /* SearchController */,
				AAA9954A2B5F70F0002C6408 /* Setting */,
			);
			path = Screens;
			sourceTree = "<group>";
		};
		AAA995292B5F70F0002C6408 /* Participants */ = {
			isa = PBXGroup;
			children = (
				AAA9952A2B5F70F0002C6408 /* ParticipantTableViewCell.swift */,
				AAA9952B2B5F70F0002C6408 /* Webinar */,
				AAA9952F2B5F70F0002C6408 /* ParticipantViewController.swift */,
				AAA995302B5F70F0002C6408 /* ParticipantViewModel.swift */,
				AAA995312B5F70F0002C6408 /* ParticipantInCallTableViewCell.swift */,
				AAA995322B5F70F0002C6408 /* ParticipantWaitingTableViewCell.swift */,
			);
			path = Participants;
			sourceTree = "<group>";
		};
		AAA9952B2B5F70F0002C6408 /* Webinar */ = {
			isa = PBXGroup;
			children = (
				AAA9952C2B5F70F0002C6408 /* WebinarViewersTableViewCell.swift */,
				AAA9952D2B5F70F0002C6408 /* WebinarParticipantViewControllerModel.swift */,
				AAA9952E2B5F70F0002C6408 /* WebinarParticipantViewController.swift */,
			);
			path = Webinar;
			sourceTree = "<group>";
		};
		AAA995332B5F70F0002C6408 /* Webinar */ = {
			isa = PBXGroup;
			children = (
				AAA995342B5F70F0002C6408 /* WebinarAlert.swift */,
			);
			path = Webinar;
			sourceTree = "<group>";
		};
		AAA995352B5F70F0002C6408 /* Setup */ = {
			isa = PBXGroup;
			children = (
				AAA995362B5F70F0002C6408 /* SetupViewController.swift */,
				AAA995372B5F70F0002C6408 /* WaitingRoomView.swift */,
				AAA995382B5F70F0002C6408 /* SetupViewModel.swift */,
			);
			path = Setup;
			sourceTree = "<group>";
		};
		AAA995392B5F70F0002C6408 /* Polls */ = {
			isa = PBXGroup;
			children = (
				AAA9953A2B5F70F0002C6408 /* ShowPollsViewController.swift */,
				AAA9953B2B5F70F0002C6408 /* CreatePollsViewController.swift */,
			);
			path = Polls;
			sourceTree = "<group>";
		};
		AAA9953C2B5F70F0002C6408 /* Prebuilt */ = {
			isa = PBXGroup;
			children = (
				AAA9953D2B5F70F0002C6408 /* ChatViewController.swift */,
				AAA9953E2B5F70F0002C6408 /* DocumentsViewController.swift */,
				AAA9953F2B5F70F0002C6408 /* PluginViewController.swift */,
			);
			path = Prebuilt;
			sourceTree = "<group>";
		};
		AAA995402B5F70F0002C6408 /* Miscellaneous */ = {
			isa = PBXGroup;
			children = (
				AAA995412B5F70F0002C6408 /* ReusableTableViewCell.swift */,
			);
			path = Miscellaneous;
			sourceTree = "<group>";
		};
		AAA995422B5F70F0002C6408 /* LiveStream */ = {
			isa = PBXGroup;
			children = (
				AAA995432B5F70F0002C6408 /* LivestreamViewController.swift */,
			);
			path = LiveStream;
			sourceTree = "<group>";
		};
		AAA995442B5F70F0002C6408 /* Meeting */ = {
			isa = PBXGroup;
			children = (
				AAA995452B5F70F0002C6408 /* MeetingViewController.swift */,
				AAA995462B5F70F0002C6408 /* WebinarViewController.swift */,
				AAA995472B5F70F0002C6408 /* MeetingViewModel.swift */,
			);
			path = Meeting;
			sourceTree = "<group>";
		};
		AAA995482B5F70F0002C6408 /* SearchController */ = {
			isa = PBXGroup;
			children = (
				AAA995492B5F70F0002C6408 /* SearchViewController.swift */,
			);
			path = SearchController;
			sourceTree = "<group>";
		};
		AAA9954A2B5F70F0002C6408 /* Setting */ = {
			isa = PBXGroup;
			children = (
				AAA9954B2B5F70F0002C6408 /* SettingViewController.swift */,
			);
			path = Setting;
			sourceTree = "<group>";
		};
		AAA9954C2B5F70F0002C6408 /* BaseProtocol */ = {
			isa = PBXGroup;
			children = (
				AAA9954D2B5F70F0002C6408 /* BaseProtocols.swift */,
				AAA9954E2B5F70F0002C6408 /* CleanTableViewConfigurator.swift */,
			);
			path = BaseProtocol;
			sourceTree = "<group>";
		};
		AAA9954F2B5F70F0002C6408 /* Tokens */ = {
			isa = PBXGroup;
			children = (
				AAA995502B5F70F0002C6408 /* BorderSize */,
				AAA995532B5F70F0002C6408 /* Colors */,
				AAA995582B5F70F0002C6408 /* Spacing */,
				AAA9955A2B5F70F0002C6408 /* Font */,
				AAA9955C2B5F70F0002C6408 /* DesignLibrary.swift */,
			);
			path = Tokens;
			sourceTree = "<group>";
		};
		AAA995502B5F70F0002C6408 /* BorderSize */ = {
			isa = PBXGroup;
			children = (
				AAA995512B5F70F0002C6408 /* BorderRadiusToken.swift */,
				AAA995522B5F70F0002C6408 /* BorderWidthToken.swift */,
			);
			path = BorderSize;
			sourceTree = "<group>";
		};
		AAA995532B5F70F0002C6408 /* Colors */ = {
			isa = PBXGroup;
			children = (
				AAA995542B5F70F0002C6408 /* BrandColorToken.swift */,
				AAA995552B5F70F0002C6408 /* ColorTokens.swift */,
				AAA995562B5F70F0002C6408 /* BackgroundColorToken.swift */,
				AAA995572B5F70F0002C6408 /* TextColorToken.swift */,
			);
			path = Colors;
			sourceTree = "<group>";
		};
		AAA995582B5F70F0002C6408 /* Spacing */ = {
			isa = PBXGroup;
			children = (
				AAA995592B5F70F0002C6408 /* SpaceToken.swift */,
			);
			path = Spacing;
			sourceTree = "<group>";
		};
		AAA9955A2B5F70F0002C6408 /* Font */ = {
			isa = PBXGroup;
			children = (
				AAA9955B2B5F70F0002C6408 /* FontSize.swift */,
			);
			path = Font;
			sourceTree = "<group>";
		};
		AAA9955D2B5F70F0002C6408 /* StandAloneComponent */ = {
			isa = PBXGroup;
			children = (
				AAA9955E2B5F70F0002C6408 /* DyteEndMeetingControlBarButton.swift */,
				AAA9955F2B5F70F0002C6408 /* DyteStageActionButtonControlBar.swift */,
				AAA995602B5F70F0002C6408 /* DyteMoreMenuBottomSheet.swift */,
				AAA995612B5F70F0002C6408 /* DyteMeetingTitle.swift */,
				AAA995622B5F70F0002C6408 /* DyteVideoButtonControlBar.swift */,
				AAA995632B5F70F0002C6408 /* DyteRecordingView.swift */,
				AAA995642B5F70F0002C6408 /* DyteAvatarView.swift */,
				AAA995652B5F70F0002C6408 /* DyteJoinButton.swift */,
				AAA995662B5F70F0002C6408 /* DyteSelfEventListner.swift */,
				AAA995672B5F70F0002C6408 /* DyteMoreButtonControlBar.swift */,
				AAA995682B5F70F0002C6408 /* DyteSwitchCameraButtonControlBar.swift */,
				AAA995692B5F70F0002C6408 /* DyteLeaveDialog.swift */,
				AAA9956A2B5F70F0002C6408 /* DyteMeetingHeaderView.swift */,
				AAA9956B2B5F70F0002C6408 /* DyteMeetingEvenListner.swift */,
				AAA9956C2B5F70F0002C6408 /* DyteMeetingControlBar.swift */,
				AAA9956D2B5F70F0002C6408 /* DyteAudioButtonControlBar.swift */,
				AAA9956E2B5F70F0002C6408 /* DyteParticipantCountView.swift */,
				AAA9956F2B5F70F0002C6408 /* DyteClockView.swift */,
				AAA995702B5F70F0002C6408 /* DyteMeetingNameTag.swift */,
				AAA995712B5F70F0002C6408 /* DyteImage.swift */,
				AAA995722B5F70F0002C6408 /* DyteParticipantEventListner.swift */,
				AAA995732B5F70F0002C6408 /* DyteWebinarControlBar.swift */,
				AAA995742B5F70F0002C6408 /* DyteVideoView.swift */,
			);
			path = StandAloneComponent;
			sourceTree = "<group>";
		};
		AAF1D4DE2B35A5AA006C18DA = {
			isa = PBXGroup;
			children = (
				AAA994FF2B5F70F0002C6408 /* DyteUiKit */,
				BD56987D2B35D60E004F475F /* Resources */,
				AAF1D4E92B35A5AA006C18DA /* Products */,
				5634494864944B71E3AC9690 /* Pods */,
				D307A6CF966887E11C208B23 /* Frameworks */,
			);
			sourceTree = "<group>";
		};
		AAF1D4E92B35A5AA006C18DA /* Products */ = {
			isa = PBXGroup;
			children = (
				AAF1D4E82B35A5AA006C18DA /* DyteUiKit.framework */,
			);
			name = Products;
			sourceTree = "<group>";
		};
		BD56987D2B35D60E004F475F /* Resources */ = {
			isa = PBXGroup;
			children = (
				BD56987E2B35D60E004F475F /* Assests.xcassets */,
				BD56987F2B35D60E004F475F /* notification_message.mp3 */,
				BD5698802B35D60E004F475F /* notification_join.mp3 */,
			);
			path = Resources;
			sourceTree = "<group>";
		};
		D307A6CF966887E11C208B23 /* Frameworks */ = {
			isa = PBXGroup;
			children = (
				AA04EAA32B35A6F900EEA91F /* DyteiOSCore.xcframework */,
				AA04EA9F2B35A6EB00EEA91F /* AmazonIVSPlayer.xcframework */,
				5CACDED72B628B55833D739C /* Pods_DyteUiKit.framework */,
			);
			name = Frameworks;
			sourceTree = "<group>";
		};
/* End PBXGroup section */

/* Begin PBXHeadersBuildPhase section */
		AAF1D4E32B35A5AA006C18DA /* Headers */ = {
			isa = PBXHeadersBuildPhase;
			buildActionMask = 2147483647;
			files = (
				AAA9957D2B5F70F0002C6408 /* DyteUiKit.h in Headers */,
			);
			runOnlyForDeploymentPostprocessing = 0;
		};
/* End PBXHeadersBuildPhase section */

/* Begin PBXNativeTarget section */
		AAF1D4E72B35A5AA006C18DA /* DyteUiKit */ = {
			isa = PBXNativeTarget;
			buildConfigurationList = AAF1D4EF2B35A5AA006C18DA /* Build configuration list for PBXNativeTarget "DyteUiKit" */;
			buildPhases = (
				2387DEF81C3FFDA32F30B340 /* [CP] Check Pods Manifest.lock */,
				AAF1D4E32B35A5AA006C18DA /* Headers */,
				AAF1D4E42B35A5AA006C18DA /* Sources */,
				AAF1D4E52B35A5AA006C18DA /* Frameworks */,
				AAF1D4E62B35A5AA006C18DA /* Resources */,
			);
			buildRules = (
			);
			dependencies = (
			);
			name = DyteUiKit;
			productName = DyteUiKit;
			productReference = AAF1D4E82B35A5AA006C18DA /* DyteUiKit.framework */;
			productType = "com.apple.product-type.framework";
		};
/* End PBXNativeTarget section */

/* Begin PBXProject section */
		AAF1D4DF2B35A5AA006C18DA /* Project object */ = {
			isa = PBXProject;
			attributes = {
				BuildIndependentTargetsInParallel = 1;
				LastUpgradeCheck = 1510;
				TargetAttributes = {
					AAF1D4E72B35A5AA006C18DA = {
						CreatedOnToolsVersion = 15.1;
						LastSwiftMigration = 1510;
					};
				};
			};
			buildConfigurationList = AAF1D4E22B35A5AA006C18DA /* Build configuration list for PBXProject "DyteUiKit" */;
			compatibilityVersion = "Xcode 14.0";
			developmentRegion = en;
			hasScannedForEncodings = 0;
			knownRegions = (
				en,
				Base,
			);
			mainGroup = AAF1D4DE2B35A5AA006C18DA;
			productRefGroup = AAF1D4E92B35A5AA006C18DA /* Products */;
			projectDirPath = "";
			projectRoot = "";
			targets = (
				AAF1D4E72B35A5AA006C18DA /* DyteUiKit */,
			);
		};
/* End PBXProject section */

/* Begin PBXResourcesBuildPhase section */
		AAF1D4E62B35A5AA006C18DA /* Resources */ = {
			isa = PBXResourcesBuildPhase;
			buildActionMask = 2147483647;
			files = (
				BD5698822B35D60E004F475F /* notification_message.mp3 in Resources */,
				BD5698812B35D60E004F475F /* Assests.xcassets in Resources */,
				BD5698832B35D60E004F475F /* notification_join.mp3 in Resources */,
			);
			runOnlyForDeploymentPostprocessing = 0;
		};
/* End PBXResourcesBuildPhase section */

/* Begin PBXShellScriptBuildPhase section */
		2387DEF81C3FFDA32F30B340 /* [CP] Check Pods Manifest.lock */ = {
			isa = PBXShellScriptBuildPhase;
			buildActionMask = 2147483647;
			files = (
			);
			inputFileListPaths = (
			);
			inputPaths = (
				"${PODS_PODFILE_DIR_PATH}/Podfile.lock",
				"${PODS_ROOT}/Manifest.lock",
			);
			name = "[CP] Check Pods Manifest.lock";
			outputFileListPaths = (
			);
			outputPaths = (
				"$(DERIVED_FILE_DIR)/Pods-DyteUiKit-checkManifestLockResult.txt",
			);
			runOnlyForDeploymentPostprocessing = 0;
			shellPath = /bin/sh;
			shellScript = "diff \"${PODS_PODFILE_DIR_PATH}/Podfile.lock\" \"${PODS_ROOT}/Manifest.lock\" > /dev/null\nif [ $? != 0 ] ; then\n    # print error to STDERR\n    echo \"error: The sandbox is not in sync with the Podfile.lock. Run 'pod install' or update your CocoaPods installation.\" >&2\n    exit 1\nfi\n# This output is used by Xcode 'outputs' to avoid re-running this script phase.\necho \"SUCCESS\" > \"${SCRIPT_OUTPUT_FILE_0}\"\n";
			showEnvVarsInLog = 0;
		};
/* End PBXShellScriptBuildPhase section */

/* Begin PBXSourcesBuildPhase section */
		AAF1D4E42B35A5AA006C18DA /* Sources */ = {
			isa = PBXSourcesBuildPhase;
			buildActionMask = 2147483647;
			files = (
				AAA995AB2B5F70F1002C6408 /* MeetingViewController.swift in Sources */,
				AAA995A32B5F70F1002C6408 /* SetupViewModel.swift in Sources */,
				AAA995C32B5F70F1002C6408 /* DyteSelfEventListner.swift in Sources */,
				AAA995802B5F70F1002C6408 /* DyteUiKit.docc in Sources */,
				AAA995882B5F70F1002C6408 /* DytePeerView.swift in Sources */,
				AAA995BA2B5F70F1002C6408 /* DesignLibrary.swift in Sources */,
				AAA995A62B5F70F1002C6408 /* ChatViewController.swift in Sources */,
				AAA995812B5F70F1002C6408 /* DyteTextField.swift in Sources */,
				AAA995C12B5F70F1002C6408 /* DyteAvatarView.swift in Sources */,
				AAA995AD2B5F70F1002C6408 /* MeetingViewModel.swift in Sources */,
				AAA995D02B5F70F1002C6408 /* DyteWebinarControlBar.swift in Sources */,
				AAA995B82B5F70F1002C6408 /* SpaceToken.swift in Sources */,
				AAA995752B5F70F0002C6408 /* KeyboardObserver.swift in Sources */,
				AAA995762B5F70F0002C6408 /* Constants.swift in Sources */,
				AAA995952B5F70F1002C6408 /* DyteTabbarBar.swift in Sources */,
				AAA995982B5F70F1002C6408 /* ParticipantTableViewCell.swift in Sources */,
				AAA9959F2B5F70F1002C6408 /* ParticipantWaitingTableViewCell.swift in Sources */,
				AAA995CC2B5F70F1002C6408 /* DyteClockView.swift in Sources */,
				AAA995912B5F70F1002C6408 /* DyteNotificationBadgeView.swift in Sources */,
				AAA995A02B5F70F1002C6408 /* WebinarAlert.swift in Sources */,
				AAA995B32B5F70F1002C6408 /* BorderWidthToken.swift in Sources */,
				AAA995922B5F70F1002C6408 /* DyteDropDown.swift in Sources */,
				AAA995B72B5F70F1002C6408 /* TextColorToken.swift in Sources */,
				AAA9958D2B5F70F1002C6408 /* DyteButton.swift in Sources */,
				AAA995CD2B5F70F1002C6408 /* DyteMeetingNameTag.swift in Sources */,
				AAA995A82B5F70F1002C6408 /* PluginViewController.swift in Sources */,
				AAA995852B5F70F1002C6408 /* DyteGridView.swift in Sources */,
				AAA995A92B5F70F1002C6408 /* ReusableTableViewCell.swift in Sources */,
				AAA9957B2B5F70F0002C6408 /* DyteNotification.swift in Sources */,
				AAA995CA2B5F70F1002C6408 /* DyteAudioButtonControlBar.swift in Sources */,
				AAA995B92B5F70F1002C6408 /* FontSize.swift in Sources */,
				AAA995942B5F70F1002C6408 /* DyteTopbar.swift in Sources */,
				AAA995A22B5F70F1002C6408 /* WaitingRoomView.swift in Sources */,
				AAA995C72B5F70F1002C6408 /* DyteMeetingHeaderView.swift in Sources */,
				AAA9959A2B5F70F1002C6408 /* WebinarParticipantViewControllerModel.swift in Sources */,
				AAA995B62B5F70F1002C6408 /* BackgroundColorToken.swift in Sources */,
				AAA995CE2B5F70F1002C6408 /* DyteImage.swift in Sources */,
				AAA995BE2B5F70F1002C6408 /* DyteMeetingTitle.swift in Sources */,
				AAA995832B5F70F1002C6408 /* DyteControlBarButton.swift in Sources */,
				AAA995872B5F70F1002C6408 /* ScreenShareTabButton.swift in Sources */,
				AAA9959D2B5F70F1002C6408 /* ParticipantViewModel.swift in Sources */,
				AAA9957F2B5F70F0002C6408 /* UIColor+Helper.swift in Sources */,
				AAA9959C2B5F70F1002C6408 /* ParticipantViewController.swift in Sources */,
				AAA995A42B5F70F1002C6408 /* ShowPollsViewController.swift in Sources */,
				AAA995AF2B5F70F1002C6408 /* SettingViewController.swift in Sources */,
				AAA995C22B5F70F1002C6408 /* DyteJoinButton.swift in Sources */,
				AAA995B52B5F70F1002C6408 /* ColorTokens.swift in Sources */,
				AAA995782B5F70F0002C6408 /* DyteUiKit.swift in Sources */,
				AAA995C62B5F70F1002C6408 /* DyteLeaveDialog.swift in Sources */,
				AAA995962B5F70F1002C6408 /* BaseTableViewCell.swift in Sources */,
				AAA9958B2B5F70F1002C6408 /* MessageCell.swift in Sources */,
				AAA995BF2B5F70F1002C6408 /* DyteVideoButtonControlBar.swift in Sources */,
				AAA995842B5F70F1002C6408 /* DyteParticipantTileView.swift in Sources */,
				AAA995792B5F70F0002C6408 /* UIUtility.swift in Sources */,
				AAA995B02B5F70F1002C6408 /* BaseProtocols.swift in Sources */,
				AAA9958A2B5F70F1002C6408 /* FileMessageCell.swift in Sources */,
				AAA995C92B5F70F1002C6408 /* DyteMeetingControlBar.swift in Sources */,
				AAA995C02B5F70F1002C6408 /* DyteRecordingView.swift in Sources */,
				AAA995972B5F70F1002C6408 /* DyteBaseViewController.swift in Sources */,
				AAA995C82B5F70F1002C6408 /* DyteMeetingEvenListner.swift in Sources */,
				AAA995A12B5F70F1002C6408 /* SetupViewController.swift in Sources */,
				AAA9957C2B5F70F0002C6408 /* UIView+AutoLayout.swift in Sources */,
				AAA995D12B5F70F1002C6408 /* DyteVideoView.swift in Sources */,
				AAA9959B2B5F70F1002C6408 /* WebinarParticipantViewController.swift in Sources */,
				AAA995AA2B5F70F1002C6408 /* LivestreamViewController.swift in Sources */,
				AAA995A72B5F70F1002C6408 /* DocumentsViewController.swift in Sources */,
				AAA995B42B5F70F1002C6408 /* BrandColorToken.swift in Sources */,
				AAA995CB2B5F70F1002C6408 /* DyteParticipantCountView.swift in Sources */,
				AAA9959E2B5F70F1002C6408 /* ParticipantInCallTableViewCell.swift in Sources */,
				AAA995AE2B5F70F1002C6408 /* SearchViewController.swift in Sources */,
				AAA9958F2B5F70F1002C6408 /* DyteCustomPickerView.swift in Sources */,
				AAA9958C2B5F70F1002C6408 /* DytePluginView.swift in Sources */,
				AAA995BB2B5F70F1002C6408 /* DyteEndMeetingControlBarButton.swift in Sources */,
				AAA995892B5F70F1002C6408 /* PluginCell.swift in Sources */,
				AAA995932B5F70F1002C6408 /* DyteVideoPeerViewModel.swift in Sources */,
				AAA995A52B5F70F1002C6408 /* CreatePollsViewController.swift in Sources */,
				AAA995C42B5F70F1002C6408 /* DyteMoreButtonControlBar.swift in Sources */,
				AAA9957E2B5F70F0002C6408 /* UIViewExtension.swift in Sources */,
				AAA995822B5F70F1002C6408 /* DyteNameTag.swift in Sources */,
				AAA995C52B5F70F1002C6408 /* DyteSwitchCameraButtonControlBar.swift in Sources */,
				AAA995B12B5F70F1002C6408 /* CleanTableViewConfigurator.swift in Sources */,
				AAA995772B5F70F0002C6408 /* ImageProvider.swift in Sources */,
				AAA995862B5F70F1002C6408 /* DyteMoreMenu.swift in Sources */,
				AAA995AC2B5F70F1002C6408 /* WebinarViewController.swift in Sources */,
				AAA995992B5F70F1002C6408 /* WebinarViewersTableViewCell.swift in Sources */,
				AAA995BC2B5F70F1002C6408 /* DyteStageActionButtonControlBar.swift in Sources */,
				AAA995CF2B5F70F1002C6408 /* DyteParticipantEventListner.swift in Sources */,
				AAA995902B5F70F1002C6408 /* DyteText.swift in Sources */,
				AAA995BD2B5F70F1002C6408 /* DyteMoreMenuBottomSheet.swift in Sources */,
				AAA995B22B5F70F1002C6408 /* BorderRadiusToken.swift in Sources */,
				AAA9958E2B5F70F1002C6408 /* DyteReusableScrollView.swift in Sources */,
				AAA9957A2B5F70F0002C6408 /* BaseAtom.swift in Sources */,
			);
			runOnlyForDeploymentPostprocessing = 0;
		};
/* End PBXSourcesBuildPhase section */

/* Begin XCBuildConfiguration section */
		AAF1D4ED2B35A5AA006C18DA /* Debug */ = {
			isa = XCBuildConfiguration;
			buildSettings = {
				ALWAYS_SEARCH_USER_PATHS = NO;
				ASSETCATALOG_COMPILER_GENERATE_SWIFT_ASSET_SYMBOL_EXTENSIONS = YES;
				BUILD_LIBRARY_FOR_DISTRIBUTION = YES;
				CLANG_ANALYZER_NONNULL = YES;
				CLANG_ANALYZER_NUMBER_OBJECT_CONVERSION = YES_AGGRESSIVE;
				CLANG_CXX_LANGUAGE_STANDARD = "gnu++20";
				CLANG_ENABLE_MODULES = YES;
				CLANG_ENABLE_OBJC_ARC = YES;
				CLANG_ENABLE_OBJC_WEAK = YES;
				CLANG_WARN_BLOCK_CAPTURE_AUTORELEASING = YES;
				CLANG_WARN_BOOL_CONVERSION = YES;
				CLANG_WARN_COMMA = YES;
				CLANG_WARN_CONSTANT_CONVERSION = YES;
				CLANG_WARN_DEPRECATED_OBJC_IMPLEMENTATIONS = YES;
				CLANG_WARN_DIRECT_OBJC_ISA_USAGE = YES_ERROR;
				CLANG_WARN_DOCUMENTATION_COMMENTS = YES;
				CLANG_WARN_EMPTY_BODY = YES;
				CLANG_WARN_ENUM_CONVERSION = YES;
				CLANG_WARN_INFINITE_RECURSION = YES;
				CLANG_WARN_INT_CONVERSION = YES;
				CLANG_WARN_NON_LITERAL_NULL_CONVERSION = YES;
				CLANG_WARN_OBJC_IMPLICIT_RETAIN_SELF = YES;
				CLANG_WARN_OBJC_LITERAL_CONVERSION = YES;
				CLANG_WARN_OBJC_ROOT_CLASS = YES_ERROR;
				CLANG_WARN_QUOTED_INCLUDE_IN_FRAMEWORK_HEADER = YES;
				CLANG_WARN_RANGE_LOOP_ANALYSIS = YES;
				CLANG_WARN_STRICT_PROTOTYPES = YES;
				CLANG_WARN_SUSPICIOUS_MOVE = YES;
				CLANG_WARN_UNGUARDED_AVAILABILITY = YES_AGGRESSIVE;
				CLANG_WARN_UNREACHABLE_CODE = YES;
				CLANG_WARN__DUPLICATE_METHOD_MATCH = YES;
				COPY_PHASE_STRIP = NO;
				CURRENT_PROJECT_VERSION = 1;
				DEBUG_INFORMATION_FORMAT = dwarf;
				ENABLE_STRICT_OBJC_MSGSEND = YES;
				ENABLE_TESTABILITY = YES;
				ENABLE_USER_SCRIPT_SANDBOXING = YES;
				GCC_C_LANGUAGE_STANDARD = gnu17;
				GCC_DYNAMIC_NO_PIC = NO;
				GCC_NO_COMMON_BLOCKS = YES;
				GCC_OPTIMIZATION_LEVEL = 0;
				GCC_PREPROCESSOR_DEFINITIONS = (
					"DEBUG=1",
					"$(inherited)",
				);
				GCC_WARN_64_TO_32_BIT_CONVERSION = YES;
				GCC_WARN_ABOUT_RETURN_TYPE = YES_ERROR;
				GCC_WARN_UNDECLARED_SELECTOR = YES;
				GCC_WARN_UNINITIALIZED_AUTOS = YES_AGGRESSIVE;
				GCC_WARN_UNUSED_FUNCTION = YES;
				GCC_WARN_UNUSED_VARIABLE = YES;
				IPHONEOS_DEPLOYMENT_TARGET = 17.2;
				LOCALIZATION_PREFERS_STRING_CATALOGS = YES;
				MTL_ENABLE_DEBUG_INFO = INCLUDE_SOURCE;
				MTL_FAST_MATH = YES;
				ONLY_ACTIVE_ARCH = YES;
				SDKROOT = iphoneos;
				SWIFT_ACTIVE_COMPILATION_CONDITIONS = "DEBUG $(inherited)";
				SWIFT_OPTIMIZATION_LEVEL = "-Onone";
				VERSIONING_SYSTEM = "apple-generic";
				VERSION_INFO_PREFIX = "";
			};
			name = Debug;
		};
		AAF1D4EE2B35A5AA006C18DA /* Release */ = {
			isa = XCBuildConfiguration;
			buildSettings = {
				ALWAYS_SEARCH_USER_PATHS = NO;
				ASSETCATALOG_COMPILER_GENERATE_SWIFT_ASSET_SYMBOL_EXTENSIONS = YES;
				BUILD_LIBRARY_FOR_DISTRIBUTION = YES;
				CLANG_ANALYZER_NONNULL = YES;
				CLANG_ANALYZER_NUMBER_OBJECT_CONVERSION = YES_AGGRESSIVE;
				CLANG_CXX_LANGUAGE_STANDARD = "gnu++20";
				CLANG_ENABLE_MODULES = YES;
				CLANG_ENABLE_OBJC_ARC = YES;
				CLANG_ENABLE_OBJC_WEAK = YES;
				CLANG_WARN_BLOCK_CAPTURE_AUTORELEASING = YES;
				CLANG_WARN_BOOL_CONVERSION = YES;
				CLANG_WARN_COMMA = YES;
				CLANG_WARN_CONSTANT_CONVERSION = YES;
				CLANG_WARN_DEPRECATED_OBJC_IMPLEMENTATIONS = YES;
				CLANG_WARN_DIRECT_OBJC_ISA_USAGE = YES_ERROR;
				CLANG_WARN_DOCUMENTATION_COMMENTS = YES;
				CLANG_WARN_EMPTY_BODY = YES;
				CLANG_WARN_ENUM_CONVERSION = YES;
				CLANG_WARN_INFINITE_RECURSION = YES;
				CLANG_WARN_INT_CONVERSION = YES;
				CLANG_WARN_NON_LITERAL_NULL_CONVERSION = YES;
				CLANG_WARN_OBJC_IMPLICIT_RETAIN_SELF = YES;
				CLANG_WARN_OBJC_LITERAL_CONVERSION = YES;
				CLANG_WARN_OBJC_ROOT_CLASS = YES_ERROR;
				CLANG_WARN_QUOTED_INCLUDE_IN_FRAMEWORK_HEADER = YES;
				CLANG_WARN_RANGE_LOOP_ANALYSIS = YES;
				CLANG_WARN_STRICT_PROTOTYPES = YES;
				CLANG_WARN_SUSPICIOUS_MOVE = YES;
				CLANG_WARN_UNGUARDED_AVAILABILITY = YES_AGGRESSIVE;
				CLANG_WARN_UNREACHABLE_CODE = YES;
				CLANG_WARN__DUPLICATE_METHOD_MATCH = YES;
				COPY_PHASE_STRIP = NO;
				CURRENT_PROJECT_VERSION = 1;
				DEBUG_INFORMATION_FORMAT = "dwarf-with-dsym";
				ENABLE_NS_ASSERTIONS = NO;
				ENABLE_STRICT_OBJC_MSGSEND = YES;
				ENABLE_USER_SCRIPT_SANDBOXING = YES;
				GCC_C_LANGUAGE_STANDARD = gnu17;
				GCC_NO_COMMON_BLOCKS = YES;
				GCC_WARN_64_TO_32_BIT_CONVERSION = YES;
				GCC_WARN_ABOUT_RETURN_TYPE = YES_ERROR;
				GCC_WARN_UNDECLARED_SELECTOR = YES;
				GCC_WARN_UNINITIALIZED_AUTOS = YES_AGGRESSIVE;
				GCC_WARN_UNUSED_FUNCTION = YES;
				GCC_WARN_UNUSED_VARIABLE = YES;
				IPHONEOS_DEPLOYMENT_TARGET = 17.2;
				LOCALIZATION_PREFERS_STRING_CATALOGS = YES;
				MTL_ENABLE_DEBUG_INFO = NO;
				MTL_FAST_MATH = YES;
				SDKROOT = iphoneos;
				SWIFT_COMPILATION_MODE = wholemodule;
				VALIDATE_PRODUCT = YES;
				VERSIONING_SYSTEM = "apple-generic";
				VERSION_INFO_PREFIX = "";
			};
			name = Release;
		};
		AAF1D4F02B35A5AA006C18DA /* Debug */ = {
			isa = XCBuildConfiguration;
			baseConfigurationReference = 60BB4F237204BE8F81F49900 /* Pods-DyteUiKit.debug.xcconfig */;
			buildSettings = {
				BUILD_LIBRARY_FOR_DISTRIBUTION = YES;
				CLANG_ENABLE_MODULES = YES;
				CODE_SIGN_STYLE = Automatic;
				CURRENT_PROJECT_VERSION = 1;
				DEFINES_MODULE = YES;
				DEVELOPMENT_TEAM = QVRMZNCH5A;
				DYLIB_COMPATIBILITY_VERSION = 1;
				DYLIB_CURRENT_VERSION = 1;
				DYLIB_INSTALL_NAME_BASE = "@rpath";
				ENABLE_MODULE_VERIFIER = YES;
				GENERATE_INFOPLIST_FILE = YES;
				INFOPLIST_KEY_NSHumanReadableCopyright = "";
				INSTALL_PATH = "$(LOCAL_LIBRARY_DIR)/Frameworks";
				LD_RUNPATH_SEARCH_PATHS = (
					"$(inherited)",
					"@executable_path/Frameworks",
					"@loader_path/Frameworks",
				);
				MARKETING_VERSION = 1.0;
				MODULE_VERIFIER_SUPPORTED_LANGUAGES = "objective-c objective-c++";
				MODULE_VERIFIER_SUPPORTED_LANGUAGE_STANDARDS = "gnu17 gnu++20";
				PRODUCT_BUNDLE_IDENTIFIER = com.test.in.DyteUiKit.DyteUiKit;
				PRODUCT_NAME = "$(TARGET_NAME:c99extidentifier)";
				SKIP_INSTALL = YES;
				SWIFT_EMIT_LOC_STRINGS = YES;
				SWIFT_OPTIMIZATION_LEVEL = "-Onone";
				SWIFT_VERSION = 5.0;
				TARGETED_DEVICE_FAMILY = "1,2";
			};
			name = Debug;
		};
		AAF1D4F12B35A5AA006C18DA /* Release */ = {
			isa = XCBuildConfiguration;
			baseConfigurationReference = 8A6536FB11C428DBBFD3B82D /* Pods-DyteUiKit.release.xcconfig */;
			buildSettings = {
				BUILD_LIBRARY_FOR_DISTRIBUTION = YES;
				CLANG_ENABLE_MODULES = YES;
				CODE_SIGN_STYLE = Automatic;
				CURRENT_PROJECT_VERSION = 1;
				DEFINES_MODULE = YES;
				DEVELOPMENT_TEAM = QVRMZNCH5A;
				DYLIB_COMPATIBILITY_VERSION = 1;
				DYLIB_CURRENT_VERSION = 1;
				DYLIB_INSTALL_NAME_BASE = "@rpath";
				ENABLE_MODULE_VERIFIER = YES;
				GENERATE_INFOPLIST_FILE = YES;
				INFOPLIST_KEY_NSHumanReadableCopyright = "";
				INSTALL_PATH = "$(LOCAL_LIBRARY_DIR)/Frameworks";
				LD_RUNPATH_SEARCH_PATHS = (
					"$(inherited)",
					"@executable_path/Frameworks",
					"@loader_path/Frameworks",
				);
				MARKETING_VERSION = 1.0;
				MODULE_VERIFIER_SUPPORTED_LANGUAGES = "objective-c objective-c++";
				MODULE_VERIFIER_SUPPORTED_LANGUAGE_STANDARDS = "gnu17 gnu++20";
				PRODUCT_BUNDLE_IDENTIFIER = com.test.in.DyteUiKit.DyteUiKit;
				PRODUCT_NAME = "$(TARGET_NAME:c99extidentifier)";
				SKIP_INSTALL = YES;
				SWIFT_EMIT_LOC_STRINGS = YES;
				SWIFT_VERSION = 5.0;
				TARGETED_DEVICE_FAMILY = "1,2";
			};
			name = Release;
		};
/* End XCBuildConfiguration section */

/* Begin XCConfigurationList section */
		AAF1D4E22B35A5AA006C18DA /* Build configuration list for PBXProject "DyteUiKit" */ = {
			isa = XCConfigurationList;
			buildConfigurations = (
				AAF1D4ED2B35A5AA006C18DA /* Debug */,
				AAF1D4EE2B35A5AA006C18DA /* Release */,
			);
			defaultConfigurationIsVisible = 0;
			defaultConfigurationName = Release;
		};
		AAF1D4EF2B35A5AA006C18DA /* Build configuration list for PBXNativeTarget "DyteUiKit" */ = {
			isa = XCConfigurationList;
			buildConfigurations = (
				AAF1D4F02B35A5AA006C18DA /* Debug */,
				AAF1D4F12B35A5AA006C18DA /* Release */,
			);
			defaultConfigurationIsVisible = 0;
			defaultConfigurationName = Release;
		};
/* End XCConfigurationList section */
	};
	rootObject = AAF1D4DF2B35A5AA006C18DA /* Project object */;
}
